<?xml version="1.0" encoding="utf-8"?>
<Project ToolsVersion="4.0" xmlns="http://schemas.microsoft.com/developer/msbuild/2003">
  <ItemGroup>
    <Filter Include="Source Files">
      <UniqueIdentifier>{4FC737F1-C7A5-4376-A066-2A32D752A2FF}</UniqueIdentifier>
      <Extensions>cpp;c;cc;cxx;def;odl;idl;hpj;bat;asm;asmx</Extensions>
    </Filter>
    <Filter Include="Header Files">
      <UniqueIdentifier>{93995380-89BD-4b04-88EB-625FBE52EBFB}</UniqueIdentifier>
      <Extensions>h;hh;hpp;hxx;hm;inl;inc;xsd</Extensions>
    </Filter>
    <Filter Include="Resource Files">
      <UniqueIdentifier>{67DA6AB6-F800-4c08-8B7A-83BB121AAD01}</UniqueIdentifier>
      <Extensions>rc;ico;cur;bmp;dlg;rc2;rct;bin;rgs;gif;jpg;jpeg;jpe;resx;tiff;tif;png;wav;mfcribbon-ms</Extensions>
    </Filter>
    <Filter Include="Source Files\Shaders">
      <UniqueIdentifier>{36e9351e-7a5d-4750-98f1-1dfb0565b200}</UniqueIdentifier>
    </Filter>
    <Filter Include="Source Files\Shaders\StandardShader">
      <UniqueIdentifier>{fdd17f64-237a-450c-95ba-088fbd48bbfb}</UniqueIdentifier>
    </Filter>
    <Filter Include="Source Files\Shaders\WavesShader">
      <UniqueIdentifier>{bc15e2f3-570a-4f22-8a0b-662848b01171}</UniqueIdentifier>
    </Filter>
    <Filter Include="Source Files\Objects">
      <UniqueIdentifier>{cb68fda2-5bf2-42ea-827d-bea77fe3cba2}</UniqueIdentifier>
    </Filter>
    <Filter Include="Source Files\Shaders\TorusShader">
      <UniqueIdentifier>{1c7f3a59-4591-49e6-bd32-aae5eccbcfd1}</UniqueIdentifier>
    </Filter>
  </ItemGroup>
  <ItemGroup>
    <ClCompile Include="Main.cpp">
      <Filter>Source Files</Filter>
    </ClCompile>
    <ClCompile Include="..\glad.c">
      <Filter>Source Files</Filter>
    </ClCompile>
    <ClCompile Include="GLHandler.cpp">
      <Filter>Source Files</Filter>
    </ClCompile>
    <ClCompile Include="Drawable.cpp">
      <Filter>Source Files</Filter>
    </ClCompile>
    <ClCompile Include="Camera.cpp">
      <Filter>Source Files</Filter>
    </ClCompile>
    <ClCompile Include="Position.cpp">
      <Filter>Source Files</Filter>
    </ClCompile>
    <ClCompile Include="Orientation.cpp">
      <Filter>Source Files</Filter>
    </ClCompile>
    <ClCompile Include="Direction.cpp">
      <Filter>Source Files</Filter>
    </ClCompile>
    <ClCompile Include="Rotation.cpp">
      <Filter>Source Files</Filter>
    </ClCompile>
    <ClCompile Include="Shader.cpp">
      <Filter>Source Files</Filter>
    </ClCompile>
    <ClCompile Include="Object.cpp">
      <Filter>Source Files\Objects</Filter>
    </ClCompile>
    <ClCompile Include="Sphere.cpp">
      <Filter>Source Files\Objects</Filter>
    </ClCompile>
    <ClCompile Include="RippleShaderProgram.cpp">
      <Filter>Source Files\Shaders</Filter>
    </ClCompile>
    <ClCompile Include="ShaderProgram.cpp">
      <Filter>Source Files\Shaders</Filter>
    </ClCompile>
    <ClCompile Include="StandardShaderProgram.cpp">
      <Filter>Source Files\Shaders</Filter>
    </ClCompile>
    <ClCompile Include="VertexAttribute.cpp">
      <Filter>Source Files\Shaders</Filter>
    </ClCompile>
    <ClCompile Include="Torus.cpp">
      <Filter>Source Files\Objects</Filter>
    </ClCompile>
  </ItemGroup>
  <ItemGroup>
    <ClInclude Include="GLHandler.h">
      <Filter>Header Files</Filter>
    </ClInclude>
    <ClInclude Include="Drawable.h">
      <Filter>Header Files</Filter>
    </ClInclude>
    <ClInclude Include="resource.h">
      <Filter>Header Files</Filter>
    </ClInclude>
    <ClInclude Include="Camera.h">
      <Filter>Header Files</Filter>
    </ClInclude>
    <ClInclude Include="Position.h">
      <Filter>Header Files</Filter>
    </ClInclude>
    <ClInclude Include="Direction.h">
      <Filter>Header Files</Filter>
    </ClInclude>
    <ClInclude Include="Rotation.h">
      <Filter>Header Files</Filter>
    </ClInclude>
    <ClInclude Include="ShaderProgram.h">
      <Filter>Header Files</Filter>
    </ClInclude>
    <ClInclude Include="Shader.h">
      <Filter>Header Files</Filter>
    </ClInclude>
    <ClInclude Include="Object.h">
      <Filter>Header Files</Filter>
    </ClInclude>
    <ClInclude Include="VertexAttribute.h">
      <Filter>Header Files</Filter>
    </ClInclude>
    <ClInclude Include="Sphere.h">
      <Filter>Header Files</Filter>
    </ClInclude>
    <ClInclude Include="StandardShaderProgram.h">
      <Filter>Header Files</Filter>
    </ClInclude>
    <ClInclude Include="RippleShaderProgram.h">
      <Filter>Header Files</Filter>
    </ClInclude>
    <ClInclude Include="Torus.h">
      <Filter>Header Files</Filter>
    </ClInclude>
  </ItemGroup>
  <ItemGroup>
    <Text Include="wavesFragmentShader.fs">
      <Filter>Source Files\Shaders\WavesShader</Filter>
    </Text>
    <Text Include="wavesVertexShader.vs">
      <Filter>Source Files\Shaders\WavesShader</Filter>
    </Text>
  </ItemGroup>
  <ItemGroup>
    <ResourceCompile Include="OpenGLYT.rc">
      <Filter>Resource Files</Filter>
    </ResourceCompile>
  </ItemGroup>
  <ItemGroup>
    <None Include="standardFragmentShader.fs">
      <Filter>Source Files\Shaders\StandardShader</Filter>
    </None>
    <None Include="standardVertexShader.vs">
      <Filter>Source Files\Shaders\StandardShader</Filter>
    </None>
    <None Include="standardShaderProgram.sp">
      <Filter>Source Files\Shaders\StandardShader</Filter>
    </None>
    <None Include="wavesGeometryShader.gs">
      <Filter>Source Files\Shaders\WavesShader</Filter>
    </None>
    <None Include="wavesShaderProgram.sp">
      <Filter>Source Files\Shaders\WavesShader</Filter>
    </None>
    <None Include="torusFragmentShader.fs">
      <Filter>Source Files\Shaders\TorusShader</Filter>
    </None>
    <None Include="torusShaderProgram.sp">
      <Filter>Source Files\Shaders\TorusShader</Filter>
    </None>
    <None Include="torusVertexShader.vs">
      <Filter>Source Files\Shaders\TorusShader</Filter>
    </None>
    <None Include="torusGeometryShader.gs">
      <Filter>Source Files\Shaders\TorusShader</Filter>
    </None>
  </ItemGroup>
</Project>